# Code generated by scarb DO NOT EDIT.
version = 1

[[package]]
name = "dojo"
version = "1.8.0"
source = "git+https://github.com/michalpalkowski/dojo?rev=3e8d0b9fc46830075945ef85971b72384832eb27#3e8d0b9fc46830075945ef85971b72384832eb27"
dependencies = [
 "dojo_cairo_macros",
]

[[package]]
name = "dojo_cairo_macros"
version = "1.8.0"
source = "git+https://github.com/michalpalkowski/dojo?rev=3e8d0b9fc46830075945ef85971b72384832eb27#3e8d0b9fc46830075945ef85971b72384832eb27"

[[package]]
name = "dojo_snf_test"
version = "1.8.0"
source = "git+https://github.com/michalpalkowski/dojo?rev=3e8d0b9fc46830075945ef85971b72384832eb27#3e8d0b9fc46830075945ef85971b72384832eb27"
dependencies = [
 "dojo",
 "snforge_std",
]

[[package]]
name = "openzeppelin_access"
version = "3.0.0"
source = "registry+https://scarbs.xyz/"
checksum = "sha256:2c7fab22d2601fca4f456c81272637f2563a423652d1671383bbe3d007803977"
dependencies = [
 "openzeppelin_interfaces",
 "openzeppelin_introspection",
]

[[package]]
name = "openzeppelin_interfaces"
version = "2.1.0"
source = "registry+https://scarbs.xyz/"
checksum = "sha256:f69fdb36eb894a0e0732385e723c5ff56d8cb4c1d49b29446c77eefac00b02a5"

[[package]]
name = "openzeppelin_introspection"
version = "3.0.0"
source = "registry+https://scarbs.xyz/"
checksum = "sha256:ee491981a69736cde220f8b7dd290b6d8620c85ee6b83c81f665f5bef78b62b1"
dependencies = [
 "openzeppelin_interfaces",
]

[[package]]
name = "sharding_tests"
version = "0.1.0"
dependencies = [
 "dojo",
 "dojo_snf_test",
 "openzeppelin_access",
 "snforge_std",
 "storage_commitment",
]

[[package]]
name = "snforge_scarb_plugin"
version = "0.51.2"
source = "registry+https://scarbs.xyz/"
checksum = "sha256:7b94edb0a94b93915200275076c29ef8266f4b870ffda04360cf36bc3b5e67cc"

[[package]]
name = "snforge_std"
version = "0.51.2"
source = "registry+https://scarbs.xyz/"
checksum = "sha256:d7287b7e9c826ee560788a7a9b808a2a0454977ac4111bd3c1bcb3c7c5f01040"
dependencies = [
 "snforge_scarb_plugin",
]

[[package]]
name = "storage_commitment"
version = "0.1.0"
source = "git+https://github.com/cartridge-gg/katana-tee.git?branch=feature%2Fsharding#30bffb405618fd9d02770a2f4dad85293d3e4a08"
